
Microsoft Visual Studio Solution File, Format Version 12.00
# Visual Studio 14
VisualStudioVersion = 14.0.25420.1
MinimumVisualStudioVersion = 10.0.40219.1
Project("{FAE04EC0-301F-11D3-BF4B-00C04F79EFBC}") = "RPITest4", "RPITest4\RPITest4.csproj", "{4EF04D11-691B-4E21-A592-08BB357B721D}"
EndProject
Project("{FAE04EC0-301F-11D3-BF4B-00C04F79EFBC}") = "RPIXamarin.Droid", "RPIXamarin\RPIXamarin.Droid\RPIXamarin.Droid.csproj", "{927CF19C-5E20-43ED-BF68-2A269609D5F5}"
EndProject
Project("{FAE04EC0-301F-11D3-BF4B-00C04F79EFBC}") = "RPIXamarin.iOS", "RPIXamarin\RPIXamarin.iOS\RPIXamarin.iOS.csproj", "{6856E99A-2637-4EAA-B46F-DE30CAD58921}"
EndProject
Project("{FAE04EC0-301F-11D3-BF4B-00C04F79EFBC}") = "RPIXamarin.WinPhone", "RPIXamarin\RPIXamarin.WinPhone\RPIXamarin.WinPhone.csproj", "{552F5290-8219-4C6A-9D07-D5A939287082}"
EndProject
Project("{D954291E-2A0B-460D-934E-DC6B0785DB48}") = "RPIXamarin", "RPIXamarin\RPIXamarin\RPIXamarin.shproj", "{1F284B65-0B87-45F7-9B53-19283231EADF}"
EndProject
Global
	GlobalSection(SharedMSBuildProjectFiles) = preSolution
		RPIXamarin\RPIXamarin\RPIXamarin.projitems*{1f284b65-0b87-45f7-9b53-19283231eadf}*SharedItemsImports = 13
	EndGlobalSection
	GlobalSection(SolutionConfigurationPlatforms) = preSolution
		Debug|Any CPU = Debug|Any CPU
		Debug|ARM = Debug|ARM
		Debug|iPhone = Debug|iPhone
		Debug|iPhoneSimulator = Debug|iPhoneSimulator
		Debug|x64 = Debug|x64
		Debug|x86 = Debug|x86
		Release|Any CPU = Release|Any CPU
		Release|ARM = Release|ARM
		Release|iPhone = Release|iPhone
		Release|iPhoneSimulator = Release|iPhoneSimulator
		Release|x64 = Release|x64
		Release|x86 = Release|x86
	EndGlobalSection
	GlobalSection(ProjectConfigurationPlatforms) = postSolution
		{4EF04D11-691B-4E21-A592-08BB357B721D}.Debug|Any CPU.ActiveCfg = Debug|x86
		{4EF04D11-691B-4E21-A592-08BB357B721D}.Debug|ARM.ActiveCfg = Debug|ARM
		{4EF04D11-691B-4E21-A592-08BB357B721D}.Debug|ARM.Build.0 = Debug|ARM
		{4EF04D11-691B-4E21-A592-08BB357B721D}.Debug|ARM.Deploy.0 = Debug|ARM
		{4EF04D11-691B-4E21-A592-08BB357B721D}.Debug|iPhone.ActiveCfg = Debug|x86
		{4EF04D11-691B-4E21-A592-08BB357B721D}.Debug|iPhoneSimulator.ActiveCfg = Debug|x86
		{4EF04D11-691B-4E21-A592-08BB357B721D}.Debug|x64.ActiveCfg = Debug|x64
		{4EF04D11-691B-4E21-A592-08BB357B721D}.Debug|x64.Build.0 = Debug|x64
		{4EF04D11-691B-4E21-A592-08BB357B721D}.Debug|x64.Deploy.0 = Debug|x64
		{4EF04D11-691B-4E21-A592-08BB357B721D}.Debug|x86.ActiveCfg = Debug|x86
		{4EF04D11-691B-4E21-A592-08BB357B721D}.Debug|x86.Build.0 = Debug|x86
		{4EF04D11-691B-4E21-A592-08BB357B721D}.Debug|x86.Deploy.0 = Debug|x86
		{4EF04D11-691B-4E21-A592-08BB357B721D}.Release|Any CPU.ActiveCfg = Release|x86
		{4EF04D11-691B-4E21-A592-08BB357B721D}.Release|ARM.ActiveCfg = Release|ARM
		{4EF04D11-691B-4E21-A592-08BB357B721D}.Release|ARM.Build.0 = Release|ARM
		{4EF04D11-691B-4E21-A592-08BB357B721D}.Release|ARM.Deploy.0 = Release|ARM
		{4EF04D11-691B-4E21-A592-08BB357B721D}.Release|iPhone.ActiveCfg = Release|x86
		{4EF04D11-691B-4E21-A592-08BB357B721D}.Release|iPhoneSimulator.ActiveCfg = Release|x86
		{4EF04D11-691B-4E21-A592-08BB357B721D}.Release|x64.ActiveCfg = Release|x64
		{4EF04D11-691B-4E21-A592-08BB357B721D}.Release|x64.Build.0 = Release|x64
		{4EF04D11-691B-4E21-A592-08BB357B721D}.Release|x64.Deploy.0 = Release|x64
		{4EF04D11-691B-4E21-A592-08BB357B721D}.Release|x86.ActiveCfg = Release|x86
		{4EF04D11-691B-4E21-A592-08BB357B721D}.Release|x86.Build.0 = Release|x86
		{4EF04D11-691B-4E21-A592-08BB357B721D}.Release|x86.Deploy.0 = Release|x86
		{927CF19C-5E20-43ED-BF68-2A269609D5F5}.Debug|Any CPU.ActiveCfg = Debug|Any CPU
		{927CF19C-5E20-43ED-BF68-2A269609D5F5}.Debug|Any CPU.Build.0 = Debug|Any CPU
		{927CF19C-5E20-43ED-BF68-2A269609D5F5}.Debug|Any CPU.Deploy.0 = Debug|Any CPU
		{927CF19C-5E20-43ED-BF68-2A269609D5F5}.Debug|ARM.ActiveCfg = Debug|Any CPU
		{927CF19C-5E20-43ED-BF68-2A269609D5F5}.Debug|ARM.Build.0 = Debug|Any CPU
		{927CF19C-5E20-43ED-BF68-2A269609D5F5}.Debug|ARM.Deploy.0 = Debug|Any CPU
		{927CF19C-5E20-43ED-BF68-2A269609D5F5}.Debug|iPhone.ActiveCfg = Debug|Any CPU
		{927CF19C-5E20-43ED-BF68-2A269609D5F5}.Debug|iPhone.Build.0 = Debug|Any CPU
		{927CF19C-5E20-43ED-BF68-2A269609D5F5}.Debug|iPhone.Deploy.0 = Debug|Any CPU
		{927CF19C-5E20-43ED-BF68-2A269609D5F5}.Debug|iPhoneSimulator.ActiveCfg = Debug|Any CPU
		{927CF19C-5E20-43ED-BF68-2A269609D5F5}.Debug|iPhoneSimulator.Build.0 = Debug|Any CPU
		{927CF19C-5E20-43ED-BF68-2A269609D5F5}.Debug|iPhoneSimulator.Deploy.0 = Debug|Any CPU
		{927CF19C-5E20-43ED-BF68-2A269609D5F5}.Debug|x64.ActiveCfg = Debug|Any CPU
		{927CF19C-5E20-43ED-BF68-2A269609D5F5}.Debug|x64.Build.0 = Debug|Any CPU
		{927CF19C-5E20-43ED-BF68-2A269609D5F5}.Debug|x64.Deploy.0 = Debug|Any CPU
		{927CF19C-5E20-43ED-BF68-2A269609D5F5}.Debug|x86.ActiveCfg = Debug|Any CPU
		{927CF19C-5E20-43ED-BF68-2A269609D5F5}.Debug|x86.Build.0 = Debug|Any CPU
		{927CF19C-5E20-43ED-BF68-2A269609D5F5}.Debug|x86.Deploy.0 = Debug|Any CPU
		{927CF19C-5E20-43ED-BF68-2A269609D5F5}.Release|Any CPU.ActiveCfg = Release|Any CPU
		{927CF19C-5E20-43ED-BF68-2A269609D5F5}.Release|Any CPU.Build.0 = Release|Any CPU
		{927CF19C-5E20-43ED-BF68-2A269609D5F5}.Release|Any CPU.Deploy.0 = Release|Any CPU
		{927CF19C-5E20-43ED-BF68-2A269609D5F5}.Release|ARM.ActiveCfg = Release|Any CPU
		{927CF19C-5E20-43ED-BF68-2A269609D5F5}.Release|ARM.Build.0 = Release|Any CPU
		{927CF19C-5E20-43ED-BF68-2A269609D5F5}.Release|ARM.Deploy.0 = Release|Any CPU
		{927CF19C-5E20-43ED-BF68-2A269609D5F5}.Release|iPhone.ActiveCfg = Release|Any CPU
		{927CF19C-5E20-43ED-BF68-2A269609D5F5}.Release|iPhone.Build.0 = Release|Any CPU
		{927CF19C-5E20-43ED-BF68-2A269609D5F5}.Release|iPhone.Deploy.0 = Release|Any CPU
		{927CF19C-5E20-43ED-BF68-2A269609D5F5}.Release|iPhoneSimulator.ActiveCfg = Release|Any CPU
		{927CF19C-5E20-43ED-BF68-2A269609D5F5}.Release|iPhoneSimulator.Build.0 = Release|Any CPU
		{927CF19C-5E20-43ED-BF68-2A269609D5F5}.Release|iPhoneSimulator.Deploy.0 = Release|Any CPU
		{927CF19C-5E20-43ED-BF68-2A269609D5F5}.Release|x64.ActiveCfg = Release|Any CPU
		{927CF19C-5E20-43ED-BF68-2A269609D5F5}.Release|x64.Build.0 = Release|Any CPU
		{927CF19C-5E20-43ED-BF68-2A269609D5F5}.Release|x64.Deploy.0 = Release|Any CPU
		{927CF19C-5E20-43ED-BF68-2A269609D5F5}.Release|x86.ActiveCfg = Release|Any CPU
		{927CF19C-5E20-43ED-BF68-2A269609D5F5}.Release|x86.Build.0 = Release|Any CPU
		{927CF19C-5E20-43ED-BF68-2A269609D5F5}.Release|x86.Deploy.0 = Release|Any CPU
		{6856E99A-2637-4EAA-B46F-DE30CAD58921}.Debug|Any CPU.ActiveCfg = Debug|iPhone
		{6856E99A-2637-4EAA-B46F-DE30CAD58921}.Debug|ARM.ActiveCfg = Debug|iPhone
		{6856E99A-2637-4EAA-B46F-DE30CAD58921}.Debug|iPhone.ActiveCfg = Debug|iPhone
		{6856E99A-2637-4EAA-B46F-DE30CAD58921}.Debug|iPhone.Build.0 = Debug|iPhone
		{6856E99A-2637-4EAA-B46F-DE30CAD58921}.Debug|iPhoneSimulator.ActiveCfg = Debug|iPhoneSimulator
		{6856E99A-2637-4EAA-B46F-DE30CAD58921}.Debug|iPhoneSimulator.Build.0 = Debug|iPhoneSimulator
		{6856E99A-2637-4EAA-B46F-DE30CAD58921}.Debug|x64.ActiveCfg = Debug|iPhone
		{6856E99A-2637-4EAA-B46F-DE30CAD58921}.Debug|x86.ActiveCfg = Debug|iPhone
		{6856E99A-2637-4EAA-B46F-DE30CAD58921}.Release|Any CPU.ActiveCfg = Release|iPhone
		{6856E99A-2637-4EAA-B46F-DE30CAD58921}.Release|ARM.ActiveCfg = Release|iPhone
		{6856E99A-2637-4EAA-B46F-DE30CAD58921}.Release|iPhone.ActiveCfg = Release|iPhone
		{6856E99A-2637-4EAA-B46F-DE30CAD58921}.Release|iPhone.Build.0 = Release|iPhone
		{6856E99A-2637-4EAA-B46F-DE30CAD58921}.Release|iPhoneSimulator.ActiveCfg = Release|iPhoneSimulator
		{6856E99A-2637-4EAA-B46F-DE30CAD58921}.Release|iPhoneSimulator.Build.0 = Release|iPhoneSimulator
		{6856E99A-2637-4EAA-B46F-DE30CAD58921}.Release|x64.ActiveCfg = Release|iPhone
		{6856E99A-2637-4EAA-B46F-DE30CAD58921}.Release|x86.ActiveCfg = Release|iPhone
		{552F5290-8219-4C6A-9D07-D5A939287082}.Debug|Any CPU.ActiveCfg = Debug|Any CPU
		{552F5290-8219-4C6A-9D07-D5A939287082}.Debug|Any CPU.Build.0 = Debug|Any CPU
		{552F5290-8219-4C6A-9D07-D5A939287082}.Debug|Any CPU.Deploy.0 = Debug|Any CPU
		{552F5290-8219-4C6A-9D07-D5A939287082}.Debug|ARM.ActiveCfg = Debug|ARM
		{552F5290-8219-4C6A-9D07-D5A939287082}.Debug|ARM.Build.0 = Debug|ARM
		{552F5290-8219-4C6A-9D07-D5A939287082}.Debug|ARM.Deploy.0 = Debug|ARM
		{552F5290-8219-4C6A-9D07-D5A939287082}.Debug|iPhone.ActiveCfg = Debug|Any CPU
		{552F5290-8219-4C6A-9D07-D5A939287082}.Debug|iPhone.Build.0 = Debug|Any CPU
		{552F5290-8219-4C6A-9D07-D5A939287082}.Debug|iPhone.Deploy.0 = Debug|Any CPU
		{552F5290-8219-4C6A-9D07-D5A939287082}.Debug|iPhoneSimulator.ActiveCfg = Debug|Any CPU
		{552F5290-8219-4C6A-9D07-D5A939287082}.Debug|iPhoneSimulator.Build.0 = Debug|Any CPU
		{552F5290-8219-4C6A-9D07-D5A939287082}.Debug|iPhoneSimulator.Deploy.0 = Debug|Any CPU
		{552F5290-8219-4C6A-9D07-D5A939287082}.Debug|x64.ActiveCfg = Debug|Any CPU
		{552F5290-8219-4C6A-9D07-D5A939287082}.Debug|x64.Build.0 = Debug|Any CPU
		{552F5290-8219-4C6A-9D07-D5A939287082}.Debug|x64.Deploy.0 = Debug|Any CPU
		{552F5290-8219-4C6A-9D07-D5A939287082}.Debug|x86.ActiveCfg = Debug|x86
		{552F5290-8219-4C6A-9D07-D5A939287082}.Debug|x86.Build.0 = Debug|x86
		{552F5290-8219-4C6A-9D07-D5A939287082}.Debug|x86.Deploy.0 = Debug|x86
		{552F5290-8219-4C6A-9D07-D5A939287082}.Release|Any CPU.ActiveCfg = Release|Any CPU
		{552F5290-8219-4C6A-9D07-D5A939287082}.Release|Any CPU.Build.0 = Release|Any CPU
		{552F5290-8219-4C6A-9D07-D5A939287082}.Release|Any CPU.Deploy.0 = Release|Any CPU
		{552F5290-8219-4C6A-9D07-D5A939287082}.Release|ARM.ActiveCfg = Release|ARM
		{552F5290-8219-4C6A-9D07-D5A939287082}.Release|ARM.Build.0 = Release|ARM
		{552F5290-8219-4C6A-9D07-D5A939287082}.Release|ARM.Deploy.0 = Release|ARM
		{552F5290-8219-4C6A-9D07-D5A939287082}.Release|iPhone.ActiveCfg = Release|Any CPU
		{552F5290-8219-4C6A-9D07-D5A939287082}.Release|iPhone.Build.0 = Release|Any CPU
		{552F5290-8219-4C6A-9D07-D5A939287082}.Release|iPhone.Deploy.0 = Release|Any CPU
		{552F5290-8219-4C6A-9D07-D5A939287082}.Release|iPhoneSimulator.ActiveCfg = Release|Any CPU
		{552F5290-8219-4C6A-9D07-D5A939287082}.Release|iPhoneSimulator.Build.0 = Release|Any CPU
		{552F5290-8219-4C6A-9D07-D5A939287082}.Release|iPhoneSimulator.Deploy.0 = Release|Any CPU
		{552F5290-8219-4C6A-9D07-D5A939287082}.Release|x64.ActiveCfg = Release|Any CPU
		{552F5290-8219-4C6A-9D07-D5A939287082}.Release|x64.Build.0 = Release|Any CPU
		{552F5290-8219-4C6A-9D07-D5A939287082}.Release|x64.Deploy.0 = Release|Any CPU
		{552F5290-8219-4C6A-9D07-D5A939287082}.Release|x86.ActiveCfg = Release|x86
		{552F5290-8219-4C6A-9D07-D5A939287082}.Release|x86.Build.0 = Release|x86
		{552F5290-8219-4C6A-9D07-D5A939287082}.Release|x86.Deploy.0 = Release|x86
	EndGlobalSection
	GlobalSection(SolutionProperties) = preSolution
		HideSolutionNode = FALSE
	EndGlobalSection
EndGlobal
